
Microsoft Visual Studio Solution File, Format Version 12.00
# Visual Studio 14
VisualStudioVersion = 14.0.23107.0
MinimumVisualStudioVersion = 10.0.40219.1
Project("{8BC9CEB8-8B4A-11D0-8D11-00A0C91BC942}") = "PdfViewModel", "PdfViewModel\PdfViewModel.vcxproj", "{03EBAB56-27D7-4273-972D-635FF5500FE4}"
EndProject
Project("{FAE04EC0-301F-11D3-BF4B-00C04F79EFBC}") = "Bookie.Common", "Bookie.Common\Bookie.Common.csproj", "{BF2C2C78-DB60-4A1A-976F-EA931B38D0EA}"
EndProject
Project("{FAE04EC0-301F-11D3-BF4B-00C04F79EFBC}") = "Bookie", "Bookie\Bookie.csproj", "{D17844EB-E0E8-414E-8F08-C7485B2D175F}"
EndProject
Project("{FAE04EC0-301F-11D3-BF4B-00C04F79EFBC}") = "Bookie.Data", "Bookie.Data\Bookie.Data.csproj", "{A432A204-7C4F-4099-81CA-1F2B8B1A00C8}"
EndProject
Project("{FAE04EC0-301F-11D3-BF4B-00C04F79EFBC}") = "Bookie.Domain", "Bookie.Domain\Bookie.Domain.csproj", "{5E94EE36-FAFB-487B-A438-3DB7874518C3}"
EndProject
Global
	GlobalSection(SolutionConfigurationPlatforms) = preSolution
		Debug|Any CPU = Debug|Any CPU
		Debug|ARM = Debug|ARM
		Debug|x64 = Debug|x64
		Debug|x86 = Debug|x86
		Release|Any CPU = Release|Any CPU
		Release|ARM = Release|ARM
		Release|x64 = Release|x64
		Release|x86 = Release|x86
	EndGlobalSection
	GlobalSection(ProjectConfigurationPlatforms) = postSolution
		{03EBAB56-27D7-4273-972D-635FF5500FE4}.Debug|Any CPU.ActiveCfg = Debug|Win32
		{03EBAB56-27D7-4273-972D-635FF5500FE4}.Debug|Any CPU.Build.0 = Debug|Win32
		{03EBAB56-27D7-4273-972D-635FF5500FE4}.Debug|ARM.ActiveCfg = Debug|ARM
		{03EBAB56-27D7-4273-972D-635FF5500FE4}.Debug|ARM.Build.0 = Debug|ARM
		{03EBAB56-27D7-4273-972D-635FF5500FE4}.Debug|x64.ActiveCfg = Debug|x64
		{03EBAB56-27D7-4273-972D-635FF5500FE4}.Debug|x64.Build.0 = Debug|x64
		{03EBAB56-27D7-4273-972D-635FF5500FE4}.Debug|x86.ActiveCfg = Debug|Win32
		{03EBAB56-27D7-4273-972D-635FF5500FE4}.Debug|x86.Build.0 = Debug|Win32
		{03EBAB56-27D7-4273-972D-635FF5500FE4}.Release|Any CPU.ActiveCfg = Release|Win32
		{03EBAB56-27D7-4273-972D-635FF5500FE4}.Release|ARM.ActiveCfg = Release|ARM
		{03EBAB56-27D7-4273-972D-635FF5500FE4}.Release|ARM.Build.0 = Release|ARM
		{03EBAB56-27D7-4273-972D-635FF5500FE4}.Release|x64.ActiveCfg = Release|x64
		{03EBAB56-27D7-4273-972D-635FF5500FE4}.Release|x64.Build.0 = Release|x64
		{03EBAB56-27D7-4273-972D-635FF5500FE4}.Release|x86.ActiveCfg = Release|Win32
		{03EBAB56-27D7-4273-972D-635FF5500FE4}.Release|x86.Build.0 = Release|Win32
		{BF2C2C78-DB60-4A1A-976F-EA931B38D0EA}.Debug|Any CPU.ActiveCfg = Debug|Any CPU
		{BF2C2C78-DB60-4A1A-976F-EA931B38D0EA}.Debug|Any CPU.Build.0 = Debug|Any CPU
		{BF2C2C78-DB60-4A1A-976F-EA931B38D0EA}.Debug|ARM.ActiveCfg = Debug|ARM
		{BF2C2C78-DB60-4A1A-976F-EA931B38D0EA}.Debug|ARM.Build.0 = Debug|ARM
		{BF2C2C78-DB60-4A1A-976F-EA931B38D0EA}.Debug|x64.ActiveCfg = Debug|x64
		{BF2C2C78-DB60-4A1A-976F-EA931B38D0EA}.Debug|x64.Build.0 = Debug|x64
		{BF2C2C78-DB60-4A1A-976F-EA931B38D0EA}.Debug|x86.ActiveCfg = Debug|x86
		{BF2C2C78-DB60-4A1A-976F-EA931B38D0EA}.Debug|x86.Build.0 = Debug|x86
		{BF2C2C78-DB60-4A1A-976F-EA931B38D0EA}.Release|Any CPU.ActiveCfg = Release|Any CPU
		{BF2C2C78-DB60-4A1A-976F-EA931B38D0EA}.Release|Any CPU.Build.0 = Release|Any CPU
		{BF2C2C78-DB60-4A1A-976F-EA931B38D0EA}.Release|ARM.ActiveCfg = Release|ARM
		{BF2C2C78-DB60-4A1A-976F-EA931B38D0EA}.Release|ARM.Build.0 = Release|ARM
		{BF2C2C78-DB60-4A1A-976F-EA931B38D0EA}.Release|x64.ActiveCfg = Release|x64
		{BF2C2C78-DB60-4A1A-976F-EA931B38D0EA}.Release|x64.Build.0 = Release|x64
		{BF2C2C78-DB60-4A1A-976F-EA931B38D0EA}.Release|x86.ActiveCfg = Release|x86
		{BF2C2C78-DB60-4A1A-976F-EA931B38D0EA}.Release|x86.Build.0 = Release|x86
		{D17844EB-E0E8-414E-8F08-C7485B2D175F}.Debug|Any CPU.ActiveCfg = Debug|x86
		{D17844EB-E0E8-414E-8F08-C7485B2D175F}.Debug|ARM.ActiveCfg = Debug|ARM
		{D17844EB-E0E8-414E-8F08-C7485B2D175F}.Debug|ARM.Build.0 = Debug|ARM
		{D17844EB-E0E8-414E-8F08-C7485B2D175F}.Debug|ARM.Deploy.0 = Debug|ARM
		{D17844EB-E0E8-414E-8F08-C7485B2D175F}.Debug|x64.ActiveCfg = Debug|x64
		{D17844EB-E0E8-414E-8F08-C7485B2D175F}.Debug|x64.Build.0 = Debug|x64
		{D17844EB-E0E8-414E-8F08-C7485B2D175F}.Debug|x64.Deploy.0 = Debug|x64
		{D17844EB-E0E8-414E-8F08-C7485B2D175F}.Debug|x86.ActiveCfg = Debug|x86
		{D17844EB-E0E8-414E-8F08-C7485B2D175F}.Debug|x86.Build.0 = Debug|x86
		{D17844EB-E0E8-414E-8F08-C7485B2D175F}.Debug|x86.Deploy.0 = Debug|x86
		{D17844EB-E0E8-414E-8F08-C7485B2D175F}.Release|Any CPU.ActiveCfg = Release|x86
		{D17844EB-E0E8-414E-8F08-C7485B2D175F}.Release|ARM.ActiveCfg = Release|ARM
		{D17844EB-E0E8-414E-8F08-C7485B2D175F}.Release|ARM.Build.0 = Release|ARM
		{D17844EB-E0E8-414E-8F08-C7485B2D175F}.Release|ARM.Deploy.0 = Release|ARM
		{D17844EB-E0E8-414E-8F08-C7485B2D175F}.Release|x64.ActiveCfg = Release|x64
		{D17844EB-E0E8-414E-8F08-C7485B2D175F}.Release|x64.Build.0 = Release|x64
		{D17844EB-E0E8-414E-8F08-C7485B2D175F}.Release|x64.Deploy.0 = Release|x64
		{D17844EB-E0E8-414E-8F08-C7485B2D175F}.Release|x86.ActiveCfg = Release|x86
		{D17844EB-E0E8-414E-8F08-C7485B2D175F}.Release|x86.Build.0 = Release|x86
		{D17844EB-E0E8-414E-8F08-C7485B2D175F}.Release|x86.Deploy.0 = Release|x86
		{A432A204-7C4F-4099-81CA-1F2B8B1A00C8}.Debug|Any CPU.ActiveCfg = Debug|Any CPU
		{A432A204-7C4F-4099-81CA-1F2B8B1A00C8}.Debug|Any CPU.Build.0 = Debug|Any CPU
		{A432A204-7C4F-4099-81CA-1F2B8B1A00C8}.Debug|ARM.ActiveCfg = Debug|ARM
		{A432A204-7C4F-4099-81CA-1F2B8B1A00C8}.Debug|ARM.Build.0 = Debug|ARM
		{A432A204-7C4F-4099-81CA-1F2B8B1A00C8}.Debug|x64.ActiveCfg = Debug|x64
		{A432A204-7C4F-4099-81CA-1F2B8B1A00C8}.Debug|x64.Build.0 = Debug|x64
		{A432A204-7C4F-4099-81CA-1F2B8B1A00C8}.Debug|x86.ActiveCfg = Debug|x86
		{A432A204-7C4F-4099-81CA-1F2B8B1A00C8}.Debug|x86.Build.0 = Debug|x86
		{A432A204-7C4F-4099-81CA-1F2B8B1A00C8}.Release|Any CPU.ActiveCfg = Release|Any CPU
		{A432A204-7C4F-4099-81CA-1F2B8B1A00C8}.Release|Any CPU.Build.0 = Release|Any CPU
		{A432A204-7C4F-4099-81CA-1F2B8B1A00C8}.Release|ARM.ActiveCfg = Release|ARM
		{A432A204-7C4F-4099-81CA-1F2B8B1A00C8}.Release|ARM.Build.0 = Release|ARM
		{A432A204-7C4F-4099-81CA-1F2B8B1A00C8}.Release|x64.ActiveCfg = Release|x64
		{A432A204-7C4F-4099-81CA-1F2B8B1A00C8}.Release|x64.Build.0 = Release|x64
		{A432A204-7C4F-4099-81CA-1F2B8B1A00C8}.Release|x86.ActiveCfg = Release|x86
		{A432A204-7C4F-4099-81CA-1F2B8B1A00C8}.Release|x86.Build.0 = Release|x86
		{5E94EE36-FAFB-487B-A438-3DB7874518C3}.Debug|Any CPU.ActiveCfg = Debug|Any CPU
		{5E94EE36-FAFB-487B-A438-3DB7874518C3}.Debug|Any CPU.Build.0 = Debug|Any CPU
		{5E94EE36-FAFB-487B-A438-3DB7874518C3}.Debug|ARM.ActiveCfg = Debug|ARM
		{5E94EE36-FAFB-487B-A438-3DB7874518C3}.Debug|ARM.Build.0 = Debug|ARM
		{5E94EE36-FAFB-487B-A438-3DB7874518C3}.Debug|x64.ActiveCfg = Debug|x64
		{5E94EE36-FAFB-487B-A438-3DB7874518C3}.Debug|x64.Build.0 = Debug|x64
		{5E94EE36-FAFB-487B-A438-3DB7874518C3}.Debug|x86.ActiveCfg = Debug|x86
		{5E94EE36-FAFB-487B-A438-3DB7874518C3}.Debug|x86.Build.0 = Debug|x86
		{5E94EE36-FAFB-487B-A438-3DB7874518C3}.Release|Any CPU.ActiveCfg = Release|Any CPU
		{5E94EE36-FAFB-487B-A438-3DB7874518C3}.Release|Any CPU.Build.0 = Release|Any CPU
		{5E94EE36-FAFB-487B-A438-3DB7874518C3}.Release|ARM.ActiveCfg = Release|ARM
		{5E94EE36-FAFB-487B-A438-3DB7874518C3}.Release|ARM.Build.0 = Release|ARM
		{5E94EE36-FAFB-487B-A438-3DB7874518C3}.Release|x64.ActiveCfg = Release|x64
		{5E94EE36-FAFB-487B-A438-3DB7874518C3}.Release|x64.Build.0 = Release|x64
		{5E94EE36-FAFB-487B-A438-3DB7874518C3}.Release|x86.ActiveCfg = Release|x86
		{5E94EE36-FAFB-487B-A438-3DB7874518C3}.Release|x86.Build.0 = Release|x86
	EndGlobalSection
	GlobalSection(SolutionProperties) = preSolution
		HideSolutionNode = FALSE
	EndGlobalSection
EndGlobal
